
Microsoft Visual Studio Solution File, Format Version 12.00
# Visual Studio Version 17
VisualStudioVersion = 17.4.33110.190
MinimumVisualStudioVersion = 10.0.40219.1
Project("{FAE04EC0-301F-11D3-BF4B-00C04F79EFBC}") = "MobileStoreWebApp", "MobileStoreWebApp\MobileStoreWebApp.csproj", "{97A27DB7-5C36-4614-9E9F-3676D435C710}"
EndProject
Global
	GlobalSection(SolutionConfigurationPlatforms) = preSolution
		Debug|Any CPU = Debug|Any CPU
		Release|Any CPU = Release|Any CPU
	EndGlobalSection
	GlobalSection(ProjectConfigurationPlatforms) = postSolution
		{97A27DB7-5C36-4614-9E9F-3676D435C710}.Debug|Any CPU.ActiveCfg = Debug|Any CPU
		{97A27DB7-5C36-4614-9E9F-3676D435C710}.Debug|Any CPU.Build.0 = Debug|Any CPU
		{97A27DB7-5C36-4614-9E9F-3676D435C710}.Release|Any CPU.ActiveCfg = Release|Any CPU
		{97A27DB7-5C36-4614-9E9F-3676D435C710}.Release|Any CPU.Build.0 = Release|Any CPU
	EndGlobalSection
	GlobalSection(SolutionProperties) = preSolution
		HideSolutionNode = FALSE
	EndGlobalSection
	GlobalSection(ExtensibilityGlobals) = postSolution
		SolutionGuid = {8B6E5945-86DE-4973-92BB-D1E9B0C5D88F}
	EndGlobalSection
EndGlobal
